
Microsoft Visual Studio Solution File, Format Version 12.00
# Visual Studio Version 17
VisualStudioVersion = 17.5.002.0
MinimumVisualStudioVersion = 10.0.40219.1
Project("{9A19103F-16F7-4668-BE54-9A1E7A4F7556}") = "Todos.API", "Todos.API\Todos.API.csproj", "{19C2B594-6D62-4A51-A4D1-B71277D32C5A}"
EndProject
Global
	GlobalSection(SolutionConfigurationPlatforms) = preSolution
		Debug|Any CPU = Debug|Any CPU
		Release|Any CPU = Release|Any CPU
	EndGlobalSection
	GlobalSection(ProjectConfigurationPlatforms) = postSolution
		{19C2B594-6D62-4A51-A4D1-B71277D32C5A}.Debug|Any CPU.ActiveCfg = Debug|Any CPU
		{19C2B594-6D62-4A51-A4D1-B71277D32C5A}.Debug|Any CPU.Build.0 = Debug|Any CPU
		{19C2B594-6D62-4A51-A4D1-B71277D32C5A}.Release|Any CPU.ActiveCfg = Release|Any CPU
		{19C2B594-6D62-4A51-A4D1-B71277D32C5A}.Release|Any CPU.Build.0 = Release|Any CPU
	EndGlobalSection
	GlobalSection(SolutionProperties) = preSolution
		HideSolutionNode = FALSE
	EndGlobalSection
	GlobalSection(ExtensibilityGlobals) = postSolution
		SolutionGuid = {ED9299B1-FB22-46CF-A6CA-CDF1BDB4ECA7}
	EndGlobalSection
EndGlobal
